
Microsoft Visual Studio Solution File, Format Version 12.00
# Visual Studio Version 16
VisualStudioVersion = 16.0.30907.101
MinimumVisualStudioVersion = 10.0.40219.1
Project("{FAE04EC0-301F-11D3-BF4B-00C04F79EFBC}") = "BlazorStudentCrud.Server", "BlazorStudentCrud\Server\BlazorStudentCrud.Server.csproj", "{2AF97CC6-E939-4385-9B97-C08550998D93}"
EndProject
Project("{FAE04EC0-301F-11D3-BF4B-00C04F79EFBC}") = "BlazorStudentCrud.Client", "BlazorStudentCrud\Client\BlazorStudentCrud.Client.csproj", "{C7125BEA-701C-492F-941D-239C6BDA11F7}"
EndProject
Project("{FAE04EC0-301F-11D3-BF4B-00C04F79EFBC}") = "BlazorStudentCrud.Shared", "BlazorStudentCrud\Shared\BlazorStudentCrud.Shared.csproj", "{3C67A39C-F7D1-4541-90C9-F4953EE39FCD}"
EndProject
Global
	GlobalSection(SolutionConfigurationPlatforms) = preSolution
		Debug|Any CPU = Debug|Any CPU
		Release|Any CPU = Release|Any CPU
	EndGlobalSection
	GlobalSection(ProjectConfigurationPlatforms) = postSolution
		{2AF97CC6-E939-4385-9B97-C08550998D93}.Debug|Any CPU.ActiveCfg = Debug|Any CPU
		{2AF97CC6-E939-4385-9B97-C08550998D93}.Debug|Any CPU.Build.0 = Debug|Any CPU
		{2AF97CC6-E939-4385-9B97-C08550998D93}.Release|Any CPU.ActiveCfg = Release|Any CPU
		{2AF97CC6-E939-4385-9B97-C08550998D93}.Release|Any CPU.Build.0 = Release|Any CPU
		{C7125BEA-701C-492F-941D-239C6BDA11F7}.Debug|Any CPU.ActiveCfg = Debug|Any CPU
		{C7125BEA-701C-492F-941D-239C6BDA11F7}.Debug|Any CPU.Build.0 = Debug|Any CPU
		{C7125BEA-701C-492F-941D-239C6BDA11F7}.Release|Any CPU.ActiveCfg = Release|Any CPU
		{C7125BEA-701C-492F-941D-239C6BDA11F7}.Release|Any CPU.Build.0 = Release|Any CPU
		{3C67A39C-F7D1-4541-90C9-F4953EE39FCD}.Debug|Any CPU.ActiveCfg = Debug|Any CPU
		{3C67A39C-F7D1-4541-90C9-F4953EE39FCD}.Debug|Any CPU.Build.0 = Debug|Any CPU
		{3C67A39C-F7D1-4541-90C9-F4953EE39FCD}.Release|Any CPU.ActiveCfg = Release|Any CPU
		{3C67A39C-F7D1-4541-90C9-F4953EE39FCD}.Release|Any CPU.Build.0 = Release|Any CPU
	EndGlobalSection
	GlobalSection(SolutionProperties) = preSolution
		HideSolutionNode = FALSE
	EndGlobalSection
	GlobalSection(ExtensibilityGlobals) = postSolution
		SolutionGuid = {AE702B3A-948D-4638-96FD-202D41C901C2}
	EndGlobalSection
EndGlobal
